
Microsoft Visual Studio Solution File, Format Version 12.00
# Visual Studio Version 16
VisualStudioVersion = 16.0.31402.337
MinimumVisualStudioVersion = 10.0.40219.1
Project("{FAE04EC0-301F-11D3-BF4B-00C04F79EFBC}") = "PremierTest.Domain", "PremierTest.Domain\PremierTest.Domain.csproj", "{2EA81F3A-9408-40F7-85CB-6013C7F25EBC}"
EndProject
Project("{FAE04EC0-301F-11D3-BF4B-00C04F79EFBC}") = "PremierTest.Application", "PremierTest.Application\PremierTest.Application.csproj", "{3317933F-B82A-474F-84AF-32993363B91A}"
EndProject
Project("{FAE04EC0-301F-11D3-BF4B-00C04F79EFBC}") = "PremierTest.Infra.Data", "PremierTest.Infra.Data\PremierTest.Infra.Data.csproj", "{A86A6549-FDF7-4787-891E-D944C0B3461B}"
EndProject
Project("{FAE04EC0-301F-11D3-BF4B-00C04F79EFBC}") = "PremierTest.Infra.IoC", "PremierTest.Infra.IoC\PremierTest.Infra.IoC.csproj", "{45967B5E-930D-45BC-821D-2192BF65804D}"
EndProject
Project("{FAE04EC0-301F-11D3-BF4B-00C04F79EFBC}") = "PremierTest.Api", "PremierTest.Api\PremierTest.Api.csproj", "{D389E114-F848-4963-98A0-C9CD34D4A19B}"
EndProject
Global
	GlobalSection(SolutionConfigurationPlatforms) = preSolution
		Debug|Any CPU = Debug|Any CPU
		Release|Any CPU = Release|Any CPU
	EndGlobalSection
	GlobalSection(ProjectConfigurationPlatforms) = postSolution
		{2EA81F3A-9408-40F7-85CB-6013C7F25EBC}.Debug|Any CPU.ActiveCfg = Debug|Any CPU
		{2EA81F3A-9408-40F7-85CB-6013C7F25EBC}.Debug|Any CPU.Build.0 = Debug|Any CPU
		{2EA81F3A-9408-40F7-85CB-6013C7F25EBC}.Release|Any CPU.ActiveCfg = Release|Any CPU
		{2EA81F3A-9408-40F7-85CB-6013C7F25EBC}.Release|Any CPU.Build.0 = Release|Any CPU
		{3317933F-B82A-474F-84AF-32993363B91A}.Debug|Any CPU.ActiveCfg = Debug|Any CPU
		{3317933F-B82A-474F-84AF-32993363B91A}.Debug|Any CPU.Build.0 = Debug|Any CPU
		{3317933F-B82A-474F-84AF-32993363B91A}.Release|Any CPU.ActiveCfg = Release|Any CPU
		{3317933F-B82A-474F-84AF-32993363B91A}.Release|Any CPU.Build.0 = Release|Any CPU
		{A86A6549-FDF7-4787-891E-D944C0B3461B}.Debug|Any CPU.ActiveCfg = Debug|Any CPU
		{A86A6549-FDF7-4787-891E-D944C0B3461B}.Debug|Any CPU.Build.0 = Debug|Any CPU
		{A86A6549-FDF7-4787-891E-D944C0B3461B}.Release|Any CPU.ActiveCfg = Release|Any CPU
		{A86A6549-FDF7-4787-891E-D944C0B3461B}.Release|Any CPU.Build.0 = Release|Any CPU
		{45967B5E-930D-45BC-821D-2192BF65804D}.Debug|Any CPU.ActiveCfg = Debug|Any CPU
		{45967B5E-930D-45BC-821D-2192BF65804D}.Debug|Any CPU.Build.0 = Debug|Any CPU
		{45967B5E-930D-45BC-821D-2192BF65804D}.Release|Any CPU.ActiveCfg = Release|Any CPU
		{45967B5E-930D-45BC-821D-2192BF65804D}.Release|Any CPU.Build.0 = Release|Any CPU
		{D389E114-F848-4963-98A0-C9CD34D4A19B}.Debug|Any CPU.ActiveCfg = Debug|Any CPU
		{D389E114-F848-4963-98A0-C9CD34D4A19B}.Debug|Any CPU.Build.0 = Debug|Any CPU
		{D389E114-F848-4963-98A0-C9CD34D4A19B}.Release|Any CPU.ActiveCfg = Release|Any CPU
		{D389E114-F848-4963-98A0-C9CD34D4A19B}.Release|Any CPU.Build.0 = Release|Any CPU
	EndGlobalSection
	GlobalSection(SolutionProperties) = preSolution
		HideSolutionNode = FALSE
	EndGlobalSection
	GlobalSection(ExtensibilityGlobals) = postSolution
		SolutionGuid = {B731F4DA-9556-46E0-B26A-BF2F95ED29AE}
	EndGlobalSection
EndGlobal
